
Microsoft Visual Studio Solution File, Format Version 12.00
# Visual Studio Version 17
VisualStudioVersion = 17.11.35312.102
MinimumVisualStudioVersion = 10.0.40219.1
Project("{FAE04EC0-301F-11D3-BF4B-00C04F79EFBC}") = "ExerciciosCsharp", "ExerciciosCsharp\ExerciciosCsharp.csproj", "{AC861011-5B74-480F-A0A0-5515C7B660FF}"
EndProject
Global
	GlobalSection(SolutionConfigurationPlatforms) = preSolution
		Debug|Any CPU = Debug|Any CPU
		Release|Any CPU = Release|Any CPU
	EndGlobalSection
	GlobalSection(ProjectConfigurationPlatforms) = postSolution
		{AC861011-5B74-480F-A0A0-5515C7B660FF}.Debug|Any CPU.ActiveCfg = Debug|Any CPU
		{AC861011-5B74-480F-A0A0-5515C7B660FF}.Debug|Any CPU.Build.0 = Debug|Any CPU
		{AC861011-5B74-480F-A0A0-5515C7B660FF}.Release|Any CPU.ActiveCfg = Release|Any CPU
		{AC861011-5B74-480F-A0A0-5515C7B660FF}.Release|Any CPU.Build.0 = Release|Any CPU
	EndGlobalSection
	GlobalSection(SolutionProperties) = preSolution
		HideSolutionNode = FALSE
	EndGlobalSection
	GlobalSection(ExtensibilityGlobals) = postSolution
		SolutionGuid = {68F2E042-1AF4-48C4-90EA-CABCB4F21EC7}
	EndGlobalSection
EndGlobal
